
Microsoft Visual Studio Solution File, Format Version 12.00
# Visual Studio Version 16
VisualStudioVersion = 16.0.29920.165
MinimumVisualStudioVersion = 10.0.40219.1
Project("{FAE04EC0-301F-11D3-BF4B-00C04F79EFBC}") = "TemplateforAspNetCore_0", "TemplateforAspNetCore_0\TemplateforAspNetCore_0.csproj", "{AEB37D6F-0C80-4B5B-85EA-A463E15B79C2}"
EndProject
Global
	GlobalSection(SolutionConfigurationPlatforms) = preSolution
		Debug|Any CPU = Debug|Any CPU
		Release|Any CPU = Release|Any CPU
	EndGlobalSection
	GlobalSection(ProjectConfigurationPlatforms) = postSolution
		{AEB37D6F-0C80-4B5B-85EA-A463E15B79C2}.Debug|Any CPU.ActiveCfg = Debug|Any CPU
		{AEB37D6F-0C80-4B5B-85EA-A463E15B79C2}.Debug|Any CPU.Build.0 = Debug|Any CPU
		{AEB37D6F-0C80-4B5B-85EA-A463E15B79C2}.Release|Any CPU.ActiveCfg = Release|Any CPU
		{AEB37D6F-0C80-4B5B-85EA-A463E15B79C2}.Release|Any CPU.Build.0 = Release|Any CPU
	EndGlobalSection
	GlobalSection(SolutionProperties) = preSolution
		HideSolutionNode = FALSE
	EndGlobalSection
	GlobalSection(ExtensibilityGlobals) = postSolution
		SolutionGuid = {5C23E3CF-2DE6-4FD7-8D6D-A325E5F7BC1D}
	EndGlobalSection
EndGlobal
